
Microsoft Visual Studio Solution File, Format Version 12.00
# Visual Studio 15
VisualStudioVersion = 15.0.28307.645
MinimumVisualStudioVersion = 10.0.40219.1
Project("{FAE04EC0-301F-11D3-BF4B-00C04F79EFBC}") = "HTMLWriter", "HTMLWriter\HTMLWriter.csproj", "{AD772FAF-67C1-4047-99DF-F48308E41ECC}"
EndProject
Global
	GlobalSection(SolutionConfigurationPlatforms) = preSolution
		Debug|Any CPU = Debug|Any CPU
		Release|Any CPU = Release|Any CPU
	EndGlobalSection
	GlobalSection(ProjectConfigurationPlatforms) = postSolution
		{AD772FAF-67C1-4047-99DF-F48308E41ECC}.Debug|Any CPU.ActiveCfg = Debug|Any CPU
		{AD772FAF-67C1-4047-99DF-F48308E41ECC}.Debug|Any CPU.Build.0 = Debug|Any CPU
		{AD772FAF-67C1-4047-99DF-F48308E41ECC}.Release|Any CPU.ActiveCfg = Release|Any CPU
		{AD772FAF-67C1-4047-99DF-F48308E41ECC}.Release|Any CPU.Build.0 = Release|Any CPU
	EndGlobalSection
	GlobalSection(SolutionProperties) = preSolution
		HideSolutionNode = FALSE
	EndGlobalSection
	GlobalSection(ExtensibilityGlobals) = postSolution
		SolutionGuid = {A8C10768-276C-472C-8404-EA05E0E2D55C}
	EndGlobalSection
EndGlobal
